
Microsoft Visual Studio Solution File, Format Version 11.00
# Visual Studio 2010
Project("{FAE04EC0-301F-11D3-BF4B-00C04F79EFBC}") = "SharpChess Performance Tester", "SharpChess Performance Tester\SharpChess Performance Tester.csproj", "{18879EF5-0FAB-47C0-B07A-E7217DBC8A08}"
EndProject
Project("{FAE04EC0-301F-11D3-BF4B-00C04F79EFBC}") = "SharpChess", "SharpChess Game\SharpChess.csproj", "{F5FD2F27-6DCB-453C-B018-0AC8D4BC4109}"
EndProject
Project("{FAE04EC0-301F-11D3-BF4B-00C04F79EFBC}") = "SharpChess Tests", "SharpChess Tests\SharpChess Tests\SharpChess Tests.csproj", "{4D01805A-A5DE-4CD2-B343-C4775B71066A}"
EndProject
Project("{2150E333-8FDC-42A3-9474-1A3956D46DE8}") = "Solution Items", "Solution Items", "{0BDEDD50-6D5C-4D77-8A78-6080FA116D76}"
	ProjectSection(SolutionItems) = preProject
		GNU_GPL_Licence.txt = GNU_GPL_Licence.txt
		Local.testsettings = Local.testsettings
		README.txt = README.txt
		Settings.StyleCop = Settings.StyleCop
		SharpChess Solution.vsmdi = SharpChess Solution.vsmdi
		TraceAndTestImpact.testsettings = TraceAndTestImpact.testsettings
	EndProjectSection
EndProject
Project("{54435603-DBB4-11D2-8724-00A0C9A8B90C}") = "SharpChess Setup", "SharpChess Setup\SharpChess Setup.vdproj", "{972AC84C-F7E2-4239-80CA-17032B8EA991}"
EndProject
Global
	GlobalSection(TestCaseManagementSettings) = postSolution
		CategoryFile = SharpChess Solution.vsmdi
	EndGlobalSection
	GlobalSection(SolutionConfigurationPlatforms) = preSolution
		Debug|Any CPU = Debug|Any CPU
		Debug|Mixed Platforms = Debug|Mixed Platforms
		Debug|x86 = Debug|x86
		Release|Any CPU = Release|Any CPU
		Release|Mixed Platforms = Release|Mixed Platforms
		Release|x86 = Release|x86
	EndGlobalSection
	GlobalSection(ProjectConfigurationPlatforms) = postSolution
		{18879EF5-0FAB-47C0-B07A-E7217DBC8A08}.Debug|Any CPU.ActiveCfg = Debug|x86
		{18879EF5-0FAB-47C0-B07A-E7217DBC8A08}.Debug|Mixed Platforms.ActiveCfg = Debug|x86
		{18879EF5-0FAB-47C0-B07A-E7217DBC8A08}.Debug|Mixed Platforms.Build.0 = Debug|x86
		{18879EF5-0FAB-47C0-B07A-E7217DBC8A08}.Debug|x86.ActiveCfg = Debug|x86
		{18879EF5-0FAB-47C0-B07A-E7217DBC8A08}.Debug|x86.Build.0 = Debug|x86
		{18879EF5-0FAB-47C0-B07A-E7217DBC8A08}.Release|Any CPU.ActiveCfg = Release|x86
		{18879EF5-0FAB-47C0-B07A-E7217DBC8A08}.Release|Mixed Platforms.ActiveCfg = Release|x86
		{18879EF5-0FAB-47C0-B07A-E7217DBC8A08}.Release|Mixed Platforms.Build.0 = Release|x86
		{18879EF5-0FAB-47C0-B07A-E7217DBC8A08}.Release|x86.ActiveCfg = Release|x86
		{18879EF5-0FAB-47C0-B07A-E7217DBC8A08}.Release|x86.Build.0 = Release|x86
		{F5FD2F27-6DCB-453C-B018-0AC8D4BC4109}.Debug|Any CPU.ActiveCfg = Debug|Any CPU
		{F5FD2F27-6DCB-453C-B018-0AC8D4BC4109}.Debug|Any CPU.Build.0 = Debug|Any CPU
		{F5FD2F27-6DCB-453C-B018-0AC8D4BC4109}.Debug|Mixed Platforms.ActiveCfg = Debug|Any CPU
		{F5FD2F27-6DCB-453C-B018-0AC8D4BC4109}.Debug|Mixed Platforms.Build.0 = Debug|Any CPU
		{F5FD2F27-6DCB-453C-B018-0AC8D4BC4109}.Debug|x86.ActiveCfg = Debug|Any CPU
		{F5FD2F27-6DCB-453C-B018-0AC8D4BC4109}.Release|Any CPU.ActiveCfg = Release|Any CPU
		{F5FD2F27-6DCB-453C-B018-0AC8D4BC4109}.Release|Any CPU.Build.0 = Release|Any CPU
		{F5FD2F27-6DCB-453C-B018-0AC8D4BC4109}.Release|Mixed Platforms.ActiveCfg = Release|Any CPU
		{F5FD2F27-6DCB-453C-B018-0AC8D4BC4109}.Release|Mixed Platforms.Build.0 = Release|Any CPU
		{F5FD2F27-6DCB-453C-B018-0AC8D4BC4109}.Release|x86.ActiveCfg = Release|Any CPU
		{4D01805A-A5DE-4CD2-B343-C4775B71066A}.Debug|Any CPU.ActiveCfg = Debug|Any CPU
		{4D01805A-A5DE-4CD2-B343-C4775B71066A}.Debug|Any CPU.Build.0 = Debug|Any CPU
		{4D01805A-A5DE-4CD2-B343-C4775B71066A}.Debug|Mixed Platforms.ActiveCfg = Debug|Any CPU
		{4D01805A-A5DE-4CD2-B343-C4775B71066A}.Debug|Mixed Platforms.Build.0 = Debug|Any CPU
		{4D01805A-A5DE-4CD2-B343-C4775B71066A}.Debug|x86.ActiveCfg = Debug|Any CPU
		{4D01805A-A5DE-4CD2-B343-C4775B71066A}.Release|Any CPU.ActiveCfg = Release|Any CPU
		{4D01805A-A5DE-4CD2-B343-C4775B71066A}.Release|Any CPU.Build.0 = Release|Any CPU
		{4D01805A-A5DE-4CD2-B343-C4775B71066A}.Release|Mixed Platforms.ActiveCfg = Release|Any CPU
		{4D01805A-A5DE-4CD2-B343-C4775B71066A}.Release|Mixed Platforms.Build.0 = Release|Any CPU
		{4D01805A-A5DE-4CD2-B343-C4775B71066A}.Release|x86.ActiveCfg = Release|Any CPU
		{972AC84C-F7E2-4239-80CA-17032B8EA991}.Debug|Any CPU.ActiveCfg = Debug
		{972AC84C-F7E2-4239-80CA-17032B8EA991}.Debug|Mixed Platforms.ActiveCfg = Debug
		{972AC84C-F7E2-4239-80CA-17032B8EA991}.Debug|x86.ActiveCfg = Debug
		{972AC84C-F7E2-4239-80CA-17032B8EA991}.Release|Any CPU.ActiveCfg = Release
		{972AC84C-F7E2-4239-80CA-17032B8EA991}.Release|Mixed Platforms.ActiveCfg = Release
		{972AC84C-F7E2-4239-80CA-17032B8EA991}.Release|x86.ActiveCfg = Release
	EndGlobalSection
	GlobalSection(SolutionProperties) = preSolution
		HideSolutionNode = FALSE
	EndGlobalSection
EndGlobal
